<Solution>
  <Folder Name="/Solution Items/">
    <File Path="README.md" />
  </Folder>
  <Folder Name="/src/">
    <Project Path="src/MantelLogParser/MantelLogParser.csproj" />
  </Folder>
  <Folder Name="/tests/">
    <Project Path="tests/MantelLogParser.Tests/MantelLogParser.Tests.csproj" />
  </Folder>
</Solution>
